<Solution>
  <Folder Name="/output/">
    <Project Path="output/HelloBlazor/HelloBlazor.csproj" />
    <Project Path="output/ProductAdminBlazor/ProductAdminBlazor.csproj" />
  </Folder>
  <Folder Name="/src/">
    <Project Path="src/WebForm2Blazor.Components/WebForm2Blazor.Components.csproj" />
    <Project Path="src/WebForm2Blazor.Converter/WebForm2Blazor.Converter.csproj" />
  </Folder>
  <Folder Name="/tests/">
    <Project Path="tests/WebForm2Blazor.ConvertedAppTests/WebForm2Blazor.ConvertedAppTests.csproj" />
  </Folder>
  <Folder Name="/tools/">
    <Project Path="tools/WebForm2Blazor.BrowserSmokeTest/WebForm2Blazor.BrowserSmokeTest.csproj" />
    <Project Path="tools/WebForm2Blazor.ParityTest/WebForm2Blazor.ParityTest.csproj" />
  </Folder>
</Solution>
